// !$*UTF8*$!
{
	archiveVersion = 1;
	classes = {
	};
	objectVersion = 56;
	objects = {

/* Begin PBXBuildFile section */
		2E098BCB2BFB6987006D1013 /* CardNumbersView.swift in Sources */ = {isa = PBXBuildFile; fileRef = 2E098BCA2BFB6987006D1013 /* CardNumbersView.swift */; };
		2E286C612BFB168A00F819C1 /* SubsBuyView.swift in Sources */ = {isa = PBXBuildFile; fileRef = 2E286C602BFB168A00F819C1 /* SubsBuyView.swift */; };
		2E286C632BFB25ED00F819C1 /* AddCardView.swift in Sources */ = {isa = PBXBuildFile; fileRef = 2E286C622BFB25ED00F819C1 /* AddCardView.swift */; };
		2E38F2A82BDE77AE00D76A03 /* PracticeAppSwiftUIApp.swift in Sources */ = {isa = PBXBuildFile; fileRef = 2E38F2A72BDE77AE00D76A03 /* PracticeAppSwiftUIApp.swift */; };
		2E38F2AA2BDE77AE00D76A03 /* SignUpView.swift in Sources */ = {isa = PBXBuildFile; fileRef = 2E38F2A92BDE77AE00D76A03 /* SignUpView.swift */; };
		2E38F2AC2BDE77B100D76A03 /* Assets.xcassets in Resources */ = {isa = PBXBuildFile; fileRef = 2E38F2AB2BDE77B100D76A03 /* Assets.xcassets */; };
		2E38F2AF2BDE77B100D76A03 /* Preview Assets.xcassets in Resources */ = {isa = PBXBuildFile; fileRef = 2E38F2AE2BDE77B100D76A03 /* Preview Assets.xcassets */; };
		2E3D19882BE269430005CD68 /* MainView.swift in Sources */ = {isa = PBXBuildFile; fileRef = 2E3D19872BE269430005CD68 /* MainView.swift */; };
		2E3D198B2BE26C9A0005CD68 /* Book.swift in Sources */ = {isa = PBXBuildFile; fileRef = 2E3D198A2BE26C9A0005CD68 /* Book.swift */; };
		2E3D198D2BE26CC40005CD68 /* Tag.swift in Sources */ = {isa = PBXBuildFile; fileRef = 2E3D198C2BE26CC40005CD68 /* Tag.swift */; };
		2E3D198F2BE26D700005CD68 /* Review.swift in Sources */ = {isa = PBXBuildFile; fileRef = 2E3D198E2BE26D700005CD68 /* Review.swift */; };
		2E3D19952BE34FA10005CD68 /* BookView.swift in Sources */ = {isa = PBXBuildFile; fileRef = 2E3D19942BE34FA10005CD68 /* BookView.swift */; };
		2E3D19972BE34FB00005CD68 /* ShelfView.swift in Sources */ = {isa = PBXBuildFile; fileRef = 2E3D19962BE34FB00005CD68 /* ShelfView.swift */; };
		2E3D199C2BE3517A0005CD68 /* BookDetails.swift in Sources */ = {isa = PBXBuildFile; fileRef = 2E3D199B2BE3517A0005CD68 /* BookDetails.swift */; };
		2E3D199E2BE351890005CD68 /* BookDetailsHeader.swift in Sources */ = {isa = PBXBuildFile; fileRef = 2E3D199D2BE351890005CD68 /* BookDetailsHeader.swift */; };
		2E3D19A02BE351950005CD68 /* BookDetailsBody.swift in Sources */ = {isa = PBXBuildFile; fileRef = 2E3D199F2BE351950005CD68 /* BookDetailsBody.swift */; };
		2E3D19A42BE353A60005CD68 /* BookReview.swift in Sources */ = {isa = PBXBuildFile; fileRef = 2E3D19A32BE353A60005CD68 /* BookReview.swift */; };
		2E3D19A62BE354770005CD68 /* TagsViewModel.swift in Sources */ = {isa = PBXBuildFile; fileRef = 2E3D19A52BE354770005CD68 /* TagsViewModel.swift */; };
		2E3D19A92BE354E10005CD68 /* TagsView.swift in Sources */ = {isa = PBXBuildFile; fileRef = 2E3D19A82BE354E10005CD68 /* TagsView.swift */; };
		2E3D19AB2BE354EB0005CD68 /* SwitchBookTypeView.swift in Sources */ = {isa = PBXBuildFile; fileRef = 2E3D19AA2BE354EB0005CD68 /* SwitchBookTypeView.swift */; };
		2E3D19AD2BE3552E0005CD68 /* SearchView.swift in Sources */ = {isa = PBXBuildFile; fileRef = 2E3D19AC2BE3552E0005CD68 /* SearchView.swift */; };
		2E3D19AF2BE355410005CD68 /* SearchBookView.swift in Sources */ = {isa = PBXBuildFile; fileRef = 2E3D19AE2BE355410005CD68 /* SearchBookView.swift */; };
		2E3D19B12BE355770005CD68 /* AsyncContentView.swift in Sources */ = {isa = PBXBuildFile; fileRef = 2E3D19B02BE355770005CD68 /* AsyncContentView.swift */; };
		2E3D19B32BE355A20005CD68 /* LoadingErrorView.swift in Sources */ = {isa = PBXBuildFile; fileRef = 2E3D19B22BE355A20005CD68 /* LoadingErrorView.swift */; };
		2E3D19B72BE36BEA0005CD68 /* Loader.swift in Sources */ = {isa = PBXBuildFile; fileRef = 2E3D19B62BE36BEA0005CD68 /* Loader.swift */; };
		2E3D19B92BE36C140005CD68 /* Types.swift in Sources */ = {isa = PBXBuildFile; fileRef = 2E3D19B82BE36C140005CD68 /* Types.swift */; };
		2E3D19BB2BE36E240005CD68 /* BooksPageView.swift in Sources */ = {isa = PBXBuildFile; fileRef = 2E3D19BA2BE36E240005CD68 /* BooksPageView.swift */; };
		2E42880C2BFC76F700914C43 /* CardFieldView.swift in Sources */ = {isa = PBXBuildFile; fileRef = 2E42880B2BFC76F700914C43 /* CardFieldView.swift */; };
		2E5B192A2BEA348500E205BB /* SubscriptionView.swift in Sources */ = {isa = PBXBuildFile; fileRef = 2E5B19292BEA348500E205BB /* SubscriptionView.swift */; };
		2E5B192C2BEA436400E205BB /* AddNewFeedbackView.swift in Sources */ = {isa = PBXBuildFile; fileRef = 2E5B192B2BEA436400E205BB /* AddNewFeedbackView.swift */; };
		2E6F0EC32BDEC9E7003312F5 /* InputFieldView.swift in Sources */ = {isa = PBXBuildFile; fileRef = 2E6F0EC22BDEC9E7003312F5 /* InputFieldView.swift */; };
		2E77583C2BE03AF10079EFFE /* PasswordFieldView.swift in Sources */ = {isa = PBXBuildFile; fileRef = 2E77583B2BE03AF10079EFFE /* PasswordFieldView.swift */; };
		2E86C87C2BE231440093D70D /* LogInView.swift in Sources */ = {isa = PBXBuildFile; fileRef = 2E86C87B2BE231440093D70D /* LogInView.swift */; };
		2E86C87E2BE261510093D70D /* OTPVerificationView.swift in Sources */ = {isa = PBXBuildFile; fileRef = 2E86C87D2BE261510093D70D /* OTPVerificationView.swift */; };
		2E8A61792BE5F6640013BD1F /* GoogleService-Info.plist in Resources */ = {isa = PBXBuildFile; fileRef = 2E8A61782BE5F6640013BD1F /* GoogleService-Info.plist */; };
		2E8A617C2BE5F71E0013BD1F /* AuthService.swift in Sources */ = {isa = PBXBuildFile; fileRef = 2E8A617B2BE5F71E0013BD1F /* AuthService.swift */; };
		2E8A61862BE6199E0013BD1F /* LoadinViewFB.swift in Sources */ = {isa = PBXBuildFile; fileRef = 2E8A61852BE6199E0013BD1F /* LoadinViewFB.swift */; };
		2EB214D42BF896990067546B /* PlaysoundView.swift in Sources */ = {isa = PBXBuildFile; fileRef = 2EB214D32BF896990067546B /* PlaysoundView.swift */; };
		2ECB52832BE8C0B50088E115 /* OTPModifier.swift in Sources */ = {isa = PBXBuildFile; fileRef = 2ECB52822BE8C0B50088E115 /* OTPModifier.swift */; };
		2EFE3B5F2BF3704600A8E8D0 /* ReaderBookView.swift in Sources */ = {isa = PBXBuildFile; fileRef = 2EFE3B5E2BF3704600A8E8D0 /* ReaderBookView.swift */; };
		AC3A85A02BF4DD89003A9101 /* EnvironmentValues.swift in Sources */ = {isa = PBXBuildFile; fileRef = AC3A859F2BF4DD89003A9101 /* EnvironmentValues.swift */; };
		AC619D7C2BFC763200B28E16 /* BankCardStore.swift in Sources */ = {isa = PBXBuildFile; fileRef = AC619D7B2BFC763200B28E16 /* BankCardStore.swift */; };
		AC619D7F2BFC8BB900B28E16 /* FirebaseAnalytics in Frameworks */ = {isa = PBXBuildFile; productRef = AC619D7E2BFC8BB900B28E16 /* FirebaseAnalytics */; };
		AC619D812BFC8BB900B28E16 /* FirebaseAnalyticsOnDeviceConversion in Frameworks */ = {isa = PBXBuildFile; productRef = AC619D802BFC8BB900B28E16 /* FirebaseAnalyticsOnDeviceConversion */; };
		AC619D832BFC8BB900B28E16 /* FirebaseAnalyticsSwift in Frameworks */ = {isa = PBXBuildFile; productRef = AC619D822BFC8BB900B28E16 /* FirebaseAnalyticsSwift */; };
		AC619D852BFC8BB900B28E16 /* FirebaseAnalyticsWithoutAdIdSupport in Frameworks */ = {isa = PBXBuildFile; productRef = AC619D842BFC8BB900B28E16 /* FirebaseAnalyticsWithoutAdIdSupport */; };
		AC619D872BFC8BB900B28E16 /* FirebaseAppCheck in Frameworks */ = {isa = PBXBuildFile; productRef = AC619D862BFC8BB900B28E16 /* FirebaseAppCheck */; };
		AC619D892BFC8BB900B28E16 /* FirebaseAppDistribution-Beta in Frameworks */ = {isa = PBXBuildFile; productRef = AC619D882BFC8BB900B28E16 /* FirebaseAppDistribution-Beta */; };
		AC619D8B2BFC8BB900B28E16 /* FirebaseAuth in Frameworks */ = {isa = PBXBuildFile; productRef = AC619D8A2BFC8BB900B28E16 /* FirebaseAuth */; };
		AC619D8D2BFC8BB900B28E16 /* FirebaseAuthCombine-Community in Frameworks */ = {isa = PBXBuildFile; productRef = AC619D8C2BFC8BB900B28E16 /* FirebaseAuthCombine-Community */; };
		AC619D8F2BFC8BB900B28E16 /* FirebaseCrashlytics in Frameworks */ = {isa = PBXBuildFile; productRef = AC619D8E2BFC8BB900B28E16 /* FirebaseCrashlytics */; };
		AC619D912BFC8BB900B28E16 /* FirebaseDatabase in Frameworks */ = {isa = PBXBuildFile; productRef = AC619D902BFC8BB900B28E16 /* FirebaseDatabase */; };
		AC619D932BFC8BB900B28E16 /* FirebaseDatabaseSwift in Frameworks */ = {isa = PBXBuildFile; productRef = AC619D922BFC8BB900B28E16 /* FirebaseDatabaseSwift */; };
		AC619D952BFC8BB900B28E16 /* FirebaseDynamicLinks in Frameworks */ = {isa = PBXBuildFile; productRef = AC619D942BFC8BB900B28E16 /* FirebaseDynamicLinks */; };
		AC619D972BFC8BB900B28E16 /* FirebaseFirestore in Frameworks */ = {isa = PBXBuildFile; productRef = AC619D962BFC8BB900B28E16 /* FirebaseFirestore */; };
		AC619D992BFC8BBA00B28E16 /* FirebaseFirestoreCombine-Community in Frameworks */ = {isa = PBXBuildFile; productRef = AC619D982BFC8BBA00B28E16 /* FirebaseFirestoreCombine-Community */; };
		AC619D9B2BFC8BBA00B28E16 /* FirebaseFirestoreSwift in Frameworks */ = {isa = PBXBuildFile; productRef = AC619D9A2BFC8BBA00B28E16 /* FirebaseFirestoreSwift */; };
		AC619D9D2BFC8BBA00B28E16 /* FirebaseFunctions in Frameworks */ = {isa = PBXBuildFile; productRef = AC619D9C2BFC8BBA00B28E16 /* FirebaseFunctions */; };
		AC619D9F2BFC8BBA00B28E16 /* FirebaseFunctionsCombine-Community in Frameworks */ = {isa = PBXBuildFile; productRef = AC619D9E2BFC8BBA00B28E16 /* FirebaseFunctionsCombine-Community */; };
		AC619DA12BFC8BBA00B28E16 /* FirebaseInAppMessaging-Beta in Frameworks */ = {isa = PBXBuildFile; productRef = AC619DA02BFC8BBA00B28E16 /* FirebaseInAppMessaging-Beta */; };
		AC619DA32BFC8BBA00B28E16 /* FirebaseInAppMessagingSwift-Beta in Frameworks */ = {isa = PBXBuildFile; productRef = AC619DA22BFC8BBA00B28E16 /* FirebaseInAppMessagingSwift-Beta */; };
		AC619DA52BFC8BBA00B28E16 /* FirebaseInstallations in Frameworks */ = {isa = PBXBuildFile; productRef = AC619DA42BFC8BBA00B28E16 /* FirebaseInstallations */; };
		AC619DA72BFC8BBA00B28E16 /* FirebaseMessaging in Frameworks */ = {isa = PBXBuildFile; productRef = AC619DA62BFC8BBA00B28E16 /* FirebaseMessaging */; };
		AC619DA92BFC8BBA00B28E16 /* FirebaseMLModelDownloader in Frameworks */ = {isa = PBXBuildFile; productRef = AC619DA82BFC8BBA00B28E16 /* FirebaseMLModelDownloader */; };
		AC619DAB2BFC8BBA00B28E16 /* FirebasePerformance in Frameworks */ = {isa = PBXBuildFile; productRef = AC619DAA2BFC8BBA00B28E16 /* FirebasePerformance */; };
		AC619DAD2BFC8BBA00B28E16 /* FirebaseRemoteConfig in Frameworks */ = {isa = PBXBuildFile; productRef = AC619DAC2BFC8BBA00B28E16 /* FirebaseRemoteConfig */; };
		AC619DAF2BFC8BBA00B28E16 /* FirebaseRemoteConfigSwift in Frameworks */ = {isa = PBXBuildFile; productRef = AC619DAE2BFC8BBA00B28E16 /* FirebaseRemoteConfigSwift */; };
		AC619DB12BFC8BBA00B28E16 /* FirebaseStorage in Frameworks */ = {isa = PBXBuildFile; productRef = AC619DB02BFC8BBA00B28E16 /* FirebaseStorage */; };
		AC619DB32BFC8BBA00B28E16 /* FirebaseStorageCombine-Community in Frameworks */ = {isa = PBXBuildFile; productRef = AC619DB22BFC8BBA00B28E16 /* FirebaseStorageCombine-Community */; };
		AC619DB52BFC8BBA00B28E16 /* FirebaseVertexAI-Preview in Frameworks */ = {isa = PBXBuildFile; productRef = AC619DB42BFC8BBA00B28E16 /* FirebaseVertexAI-Preview */; };
		AC99B3312BED0ABB00D28199 /* FireStore+Review.swift in Sources */ = {isa = PBXBuildFile; fileRef = AC99B3302BED0ABB00D28199 /* FireStore+Review.swift */; };
		ACAE92522BEB25DE00722E1F /* AdminFileUploadView.swift in Sources */ = {isa = PBXBuildFile; fileRef = ACAE92512BEB25DE00722E1F /* AdminFileUploadView.swift */; };
		ACAE92542BEB262D00722E1F /* AdminImageUploadView.swift in Sources */ = {isa = PBXBuildFile; fileRef = ACAE92532BEB262D00722E1F /* AdminImageUploadView.swift */; };
		ACB46AC32BE7680B009A7ABA /* ProfileView.swift in Sources */ = {isa = PBXBuildFile; fileRef = ACB46AC22BE7680B009A7ABA /* ProfileView.swift */; };
		ACB46AC52BE769B1009A7ABA /* AppRootManager.swift in Sources */ = {isa = PBXBuildFile; fileRef = ACB46AC42BE769B1009A7ABA /* AppRootManager.swift */; };
		ACB46AC92BE79F55009A7ABA /* FireStore.swift in Sources */ = {isa = PBXBuildFile; fileRef = ACB46AC82BE79F55009A7ABA /* FireStore.swift */; };
		ACB46B3A2BE8BD53009A7ABA /* AdminOptionViews.swift in Sources */ = {isa = PBXBuildFile; fileRef = ACB46B392BE8BD53009A7ABA /* AdminOptionViews.swift */; };
		ACB46B3C2BE8BE59009A7ABA /* AdminBooksList.swift in Sources */ = {isa = PBXBuildFile; fileRef = ACB46B3B2BE8BE59009A7ABA /* AdminBooksList.swift */; };
		ACB46B3E2BE8C53F009A7ABA /* ImageStorage.swift in Sources */ = {isa = PBXBuildFile; fileRef = ACB46B3D2BE8C53F009A7ABA /* ImageStorage.swift */; };
		ACB46B402BE8CB43009A7ABA /* AdminEditBookView.swift in Sources */ = {isa = PBXBuildFile; fileRef = ACB46B3F2BE8CB43009A7ABA /* AdminEditBookView.swift */; };
		ACB46B792BE8F51B009A7ABA /* ApiError.swift in Sources */ = {isa = PBXBuildFile; fileRef = ACB46B782BE8F51B009A7ABA /* ApiError.swift */; };
		ACB46B7B2BE92516009A7ABA /* FileStore+Genre.swift in Sources */ = {isa = PBXBuildFile; fileRef = ACB46B7A2BE92516009A7ABA /* FileStore+Genre.swift */; };
		ACE48A452BF37754007A2F8E /* AdminReviewList.swift in Sources */ = {isa = PBXBuildFile; fileRef = ACE48A442BF37754007A2F8E /* AdminReviewList.swift */; };
/* End PBXBuildFile section */

/* Begin PBXFileReference section */
		2E098BCA2BFB6987006D1013 /* CardNumbersView.swift */ = {isa = PBXFileReference; lastKnownFileType = sourcecode.swift; path = CardNumbersView.swift; sourceTree = "<group>"; };
		2E286C602BFB168A00F819C1 /* SubsBuyView.swift */ = {isa = PBXFileReference; lastKnownFileType = sourcecode.swift; path = SubsBuyView.swift; sourceTree = "<group>"; };
		2E286C622BFB25ED00F819C1 /* AddCardView.swift */ = {isa = PBXFileReference; lastKnownFileType = sourcecode.swift; path = AddCardView.swift; sourceTree = "<group>"; };
		2E38F2A42BDE77AE00D76A03 /* PracticeAppSwiftUI.app */ = {isa = PBXFileReference; explicitFileType = wrapper.application; includeInIndex = 0; path = PracticeAppSwiftUI.app; sourceTree = BUILT_PRODUCTS_DIR; };
		2E38F2A72BDE77AE00D76A03 /* PracticeAppSwiftUIApp.swift */ = {isa = PBXFileReference; lastKnownFileType = sourcecode.swift; path = PracticeAppSwiftUIApp.swift; sourceTree = "<group>"; };
		2E38F2A92BDE77AE00D76A03 /* SignUpView.swift */ = {isa = PBXFileReference; lastKnownFileType = sourcecode.swift; path = SignUpView.swift; sourceTree = "<group>"; };
		2E38F2AB2BDE77B100D76A03 /* Assets.xcassets */ = {isa = PBXFileReference; lastKnownFileType = folder.assetcatalog; path = Assets.xcassets; sourceTree = "<group>"; };
		2E38F2AE2BDE77B100D76A03 /* Preview Assets.xcassets */ = {isa = PBXFileReference; lastKnownFileType = folder.assetcatalog; path = "Preview Assets.xcassets"; sourceTree = "<group>"; };
		2E38F2B52BDE7ABE00D76A03 /* Info.plist */ = {isa = PBXFileReference; lastKnownFileType = text.plist.xml; path = Info.plist; sourceTree = "<group>"; };
		2E3D19872BE269430005CD68 /* MainView.swift */ = {isa = PBXFileReference; lastKnownFileType = sourcecode.swift; path = MainView.swift; sourceTree = "<group>"; };
		2E3D198A2BE26C9A0005CD68 /* Book.swift */ = {isa = PBXFileReference; lastKnownFileType = sourcecode.swift; path = Book.swift; sourceTree = "<group>"; };
		2E3D198C2BE26CC40005CD68 /* Tag.swift */ = {isa = PBXFileReference; lastKnownFileType = sourcecode.swift; path = Tag.swift; sourceTree = "<group>"; };
		2E3D198E2BE26D700005CD68 /* Review.swift */ = {isa = PBXFileReference; lastKnownFileType = sourcecode.swift; path = Review.swift; sourceTree = "<group>"; };
		2E3D19942BE34FA10005CD68 /* BookView.swift */ = {isa = PBXFileReference; lastKnownFileType = sourcecode.swift; path = BookView.swift; sourceTree = "<group>"; };
		2E3D19962BE34FB00005CD68 /* ShelfView.swift */ = {isa = PBXFileReference; lastKnownFileType = sourcecode.swift; path = ShelfView.swift; sourceTree = "<group>"; };
		2E3D199B2BE3517A0005CD68 /* BookDetails.swift */ = {isa = PBXFileReference; lastKnownFileType = sourcecode.swift; path = BookDetails.swift; sourceTree = "<group>"; };
		2E3D199D2BE351890005CD68 /* BookDetailsHeader.swift */ = {isa = PBXFileReference; lastKnownFileType = sourcecode.swift; path = BookDetailsHeader.swift; sourceTree = "<group>"; };
		2E3D199F2BE351950005CD68 /* BookDetailsBody.swift */ = {isa = PBXFileReference; lastKnownFileType = sourcecode.swift; path = BookDetailsBody.swift; sourceTree = "<group>"; };
		2E3D19A32BE353A60005CD68 /* BookReview.swift */ = {isa = PBXFileReference; lastKnownFileType = sourcecode.swift; path = BookReview.swift; sourceTree = "<group>"; };
		2E3D19A52BE354770005CD68 /* TagsViewModel.swift */ = {isa = PBXFileReference; lastKnownFileType = sourcecode.swift; path = TagsViewModel.swift; sourceTree = "<group>"; };
		2E3D19A82BE354E10005CD68 /* TagsView.swift */ = {isa = PBXFileReference; lastKnownFileType = sourcecode.swift; path = TagsView.swift; sourceTree = "<group>"; };
		2E3D19AA2BE354EB0005CD68 /* SwitchBookTypeView.swift */ = {isa = PBXFileReference; lastKnownFileType = sourcecode.swift; path = SwitchBookTypeView.swift; sourceTree = "<group>"; };
		2E3D19AC2BE3552E0005CD68 /* SearchView.swift */ = {isa = PBXFileReference; lastKnownFileType = sourcecode.swift; path = SearchView.swift; sourceTree = "<group>"; };
		2E3D19AE2BE355410005CD68 /* SearchBookView.swift */ = {isa = PBXFileReference; lastKnownFileType = sourcecode.swift; path = SearchBookView.swift; sourceTree = "<group>"; };
		2E3D19B02BE355770005CD68 /* AsyncContentView.swift */ = {isa = PBXFileReference; lastKnownFileType = sourcecode.swift; path = AsyncContentView.swift; sourceTree = "<group>"; };
		2E3D19B22BE355A20005CD68 /* LoadingErrorView.swift */ = {isa = PBXFileReference; lastKnownFileType = sourcecode.swift; path = LoadingErrorView.swift; sourceTree = "<group>"; };
		2E3D19B62BE36BEA0005CD68 /* Loader.swift */ = {isa = PBXFileReference; lastKnownFileType = sourcecode.swift; path = Loader.swift; sourceTree = "<group>"; };
		2E3D19B82BE36C140005CD68 /* Types.swift */ = {isa = PBXFileReference; lastKnownFileType = sourcecode.swift; path = Types.swift; sourceTree = "<group>"; };
		2E3D19BA2BE36E240005CD68 /* BooksPageView.swift */ = {isa = PBXFileReference; lastKnownFileType = sourcecode.swift; path = BooksPageView.swift; sourceTree = "<group>"; };
		2E42880B2BFC76F700914C43 /* CardFieldView.swift */ = {isa = PBXFileReference; lastKnownFileType = sourcecode.swift; path = CardFieldView.swift; sourceTree = "<group>"; };
		2E5B19292BEA348500E205BB /* SubscriptionView.swift */ = {isa = PBXFileReference; lastKnownFileType = sourcecode.swift; path = SubscriptionView.swift; sourceTree = "<group>"; };
		2E5B192B2BEA436400E205BB /* AddNewFeedbackView.swift */ = {isa = PBXFileReference; lastKnownFileType = sourcecode.swift; path = AddNewFeedbackView.swift; sourceTree = "<group>"; };
		2E6F0EC22BDEC9E7003312F5 /* InputFieldView.swift */ = {isa = PBXFileReference; lastKnownFileType = sourcecode.swift; path = InputFieldView.swift; sourceTree = "<group>"; };
		2E77583B2BE03AF10079EFFE /* PasswordFieldView.swift */ = {isa = PBXFileReference; lastKnownFileType = sourcecode.swift; path = PasswordFieldView.swift; sourceTree = "<group>"; };
		2E86C87B2BE231440093D70D /* LogInView.swift */ = {isa = PBXFileReference; lastKnownFileType = sourcecode.swift; path = LogInView.swift; sourceTree = "<group>"; };
		2E86C87D2BE261510093D70D /* OTPVerificationView.swift */ = {isa = PBXFileReference; lastKnownFileType = sourcecode.swift; path = OTPVerificationView.swift; sourceTree = "<group>"; };
		2E8A61782BE5F6640013BD1F /* GoogleService-Info.plist */ = {isa = PBXFileReference; fileEncoding = 4; lastKnownFileType = text.plist.xml; path = "GoogleService-Info.plist"; sourceTree = "<group>"; };
		2E8A617B2BE5F71E0013BD1F /* AuthService.swift */ = {isa = PBXFileReference; lastKnownFileType = sourcecode.swift; path = AuthService.swift; sourceTree = "<group>"; };
		2E8A61852BE6199E0013BD1F /* LoadinViewFB.swift */ = {isa = PBXFileReference; lastKnownFileType = sourcecode.swift; path = LoadinViewFB.swift; sourceTree = "<group>"; };
		2EB214D32BF896990067546B /* PlaysoundView.swift */ = {isa = PBXFileReference; lastKnownFileType = sourcecode.swift; path = PlaysoundView.swift; sourceTree = "<group>"; };
		2ECB52822BE8C0B50088E115 /* OTPModifier.swift */ = {isa = PBXFileReference; lastKnownFileType = sourcecode.swift; path = OTPModifier.swift; sourceTree = "<group>"; };
		2EFE3B5E2BF3704600A8E8D0 /* ReaderBookView.swift */ = {isa = PBXFileReference; lastKnownFileType = sourcecode.swift; path = ReaderBookView.swift; sourceTree = "<group>"; };
		AC3A859F2BF4DD89003A9101 /* EnvironmentValues.swift */ = {isa = PBXFileReference; lastKnownFileType = sourcecode.swift; path = EnvironmentValues.swift; sourceTree = "<group>"; };
		AC619D7B2BFC763200B28E16 /* BankCardStore.swift */ = {isa = PBXFileReference; lastKnownFileType = sourcecode.swift; path = BankCardStore.swift; sourceTree = "<group>"; };
		AC99B3302BED0ABB00D28199 /* FireStore+Review.swift */ = {isa = PBXFileReference; lastKnownFileType = sourcecode.swift; path = "FireStore+Review.swift"; sourceTree = "<group>"; };
		ACAE92512BEB25DE00722E1F /* AdminFileUploadView.swift */ = {isa = PBXFileReference; lastKnownFileType = sourcecode.swift; path = AdminFileUploadView.swift; sourceTree = "<group>"; };
		ACAE92532BEB262D00722E1F /* AdminImageUploadView.swift */ = {isa = PBXFileReference; lastKnownFileType = sourcecode.swift; path = AdminImageUploadView.swift; sourceTree = "<group>"; };
		ACB46AC22BE7680B009A7ABA /* ProfileView.swift */ = {isa = PBXFileReference; lastKnownFileType = sourcecode.swift; path = ProfileView.swift; sourceTree = "<group>"; };
		ACB46AC42BE769B1009A7ABA /* AppRootManager.swift */ = {isa = PBXFileReference; lastKnownFileType = sourcecode.swift; path = AppRootManager.swift; sourceTree = "<group>"; };
		ACB46AC82BE79F55009A7ABA /* FireStore.swift */ = {isa = PBXFileReference; lastKnownFileType = sourcecode.swift; path = FireStore.swift; sourceTree = "<group>"; };
		ACB46B392BE8BD53009A7ABA /* AdminOptionViews.swift */ = {isa = PBXFileReference; lastKnownFileType = sourcecode.swift; path = AdminOptionViews.swift; sourceTree = "<group>"; };
		ACB46B3B2BE8BE59009A7ABA /* AdminBooksList.swift */ = {isa = PBXFileReference; lastKnownFileType = sourcecode.swift; path = AdminBooksList.swift; sourceTree = "<group>"; };
		ACB46B3D2BE8C53F009A7ABA /* ImageStorage.swift */ = {isa = PBXFileReference; lastKnownFileType = sourcecode.swift; path = ImageStorage.swift; sourceTree = "<group>"; };
		ACB46B3F2BE8CB43009A7ABA /* AdminEditBookView.swift */ = {isa = PBXFileReference; lastKnownFileType = sourcecode.swift; path = AdminEditBookView.swift; sourceTree = "<group>"; };
		ACB46B782BE8F51B009A7ABA /* ApiError.swift */ = {isa = PBXFileReference; lastKnownFileType = sourcecode.swift; path = ApiError.swift; sourceTree = "<group>"; };
		ACB46B7A2BE92516009A7ABA /* FileStore+Genre.swift */ = {isa = PBXFileReference; lastKnownFileType = sourcecode.swift; path = "FileStore+Genre.swift"; sourceTree = "<group>"; };
		ACE48A442BF37754007A2F8E /* AdminReviewList.swift */ = {isa = PBXFileReference; lastKnownFileType = sourcecode.swift; path = AdminReviewList.swift; sourceTree = "<group>"; };
/* End PBXFileReference section */

/* Begin PBXFrameworksBuildPhase section */
		2E38F2A12BDE77AE00D76A03 /* Frameworks */ = {
			isa = PBXFrameworksBuildPhase;
			buildActionMask = 2147483647;
			files = (
				AC619D912BFC8BB900B28E16 /* FirebaseDatabase in Frameworks */,
				AC619D9F2BFC8BBA00B28E16 /* FirebaseFunctionsCombine-Community in Frameworks */,
				AC619D972BFC8BB900B28E16 /* FirebaseFirestore in Frameworks */,
				AC619D832BFC8BB900B28E16 /* FirebaseAnalyticsSwift in Frameworks */,
				AC619D7F2BFC8BB900B28E16 /* FirebaseAnalytics in Frameworks */,
				AC619D812BFC8BB900B28E16 /* FirebaseAnalyticsOnDeviceConversion in Frameworks */,
				AC619D9B2BFC8BBA00B28E16 /* FirebaseFirestoreSwift in Frameworks */,
				AC619DA92BFC8BBA00B28E16 /* FirebaseMLModelDownloader in Frameworks */,
				AC619D872BFC8BB900B28E16 /* FirebaseAppCheck in Frameworks */,
				AC619D852BFC8BB900B28E16 /* FirebaseAnalyticsWithoutAdIdSupport in Frameworks */,
				AC619DA72BFC8BBA00B28E16 /* FirebaseMessaging in Frameworks */,
				AC619D8B2BFC8BB900B28E16 /* FirebaseAuth in Frameworks */,
				AC619DAF2BFC8BBA00B28E16 /* FirebaseRemoteConfigSwift in Frameworks */,
				AC619D8F2BFC8BB900B28E16 /* FirebaseCrashlytics in Frameworks */,
				AC619DA12BFC8BBA00B28E16 /* FirebaseInAppMessaging-Beta in Frameworks */,
				AC619D932BFC8BB900B28E16 /* FirebaseDatabaseSwift in Frameworks */,
				AC619DB32BFC8BBA00B28E16 /* FirebaseStorageCombine-Community in Frameworks */,
				AC619DAD2BFC8BBA00B28E16 /* FirebaseRemoteConfig in Frameworks */,
				AC619D9D2BFC8BBA00B28E16 /* FirebaseFunctions in Frameworks */,
				AC619D892BFC8BB900B28E16 /* FirebaseAppDistribution-Beta in Frameworks */,
				AC619DAB2BFC8BBA00B28E16 /* FirebasePerformance in Frameworks */,
				AC619D8D2BFC8BB900B28E16 /* FirebaseAuthCombine-Community in Frameworks */,
				AC619DB12BFC8BBA00B28E16 /* FirebaseStorage in Frameworks */,
				AC619DA32BFC8BBA00B28E16 /* FirebaseInAppMessagingSwift-Beta in Frameworks */,
				AC619DB52BFC8BBA00B28E16 /* FirebaseVertexAI-Preview in Frameworks */,
				AC619D952BFC8BB900B28E16 /* FirebaseDynamicLinks in Frameworks */,
				AC619D992BFC8BBA00B28E16 /* FirebaseFirestoreCombine-Community in Frameworks */,
				AC619DA52BFC8BBA00B28E16 /* FirebaseInstallations in Frameworks */,
			);
			runOnlyForDeploymentPostprocessing = 0;
		};
/* End PBXFrameworksBuildPhase section */

/* Begin PBXGroup section */
		2E286C5C2BFB159D00F819C1 /* BookViews */ = {
			isa = PBXGroup;
			children = (
				2E3D19962BE34FB00005CD68 /* ShelfView.swift */,
				2E3D19BA2BE36E240005CD68 /* BooksPageView.swift */,
				2E3D19942BE34FA10005CD68 /* BookView.swift */,
			);
			path = BookViews;
			sourceTree = "<group>";
		};
		2E286C5D2BFB15B400F819C1 /* TabBarViews */ = {
			isa = PBXGroup;
			children = (
				2E3D19872BE269430005CD68 /* MainView.swift */,
				ACB46AC22BE7680B009A7ABA /* ProfileView.swift */,
				2E5B19292BEA348500E205BB /* SubscriptionView.swift */,
			);
			path = TabBarViews;
			sourceTree = "<group>";
		};
		2E286C5E2BFB15F600F819C1 /* ReadAudioViews */ = {
			isa = PBXGroup;
			children = (
				2EFE3B5E2BF3704600A8E8D0 /* ReaderBookView.swift */,
				2EB214D32BF896990067546B /* PlaysoundView.swift */,
			);
			path = ReadAudioViews;
			sourceTree = "<group>";
		};
		2E286C5F2BFB162900F819C1 /* FireBase */ = {
			isa = PBXGroup;
			children = (
				ACB46B3D2BE8C53F009A7ABA /* ImageStorage.swift */,
				ACB46AC82BE79F55009A7ABA /* FireStore.swift */,
				ACB46B7A2BE92516009A7ABA /* FileStore+Genre.swift */,
				AC99B3302BED0ABB00D28199 /* FireStore+Review.swift */,
				ACB46B782BE8F51B009A7ABA /* ApiError.swift */,
				AC3A859F2BF4DD89003A9101 /* EnvironmentValues.swift */,
				AC619D7B2BFC763200B28E16 /* BankCardStore.swift */,
			);
			path = FireBase;
			sourceTree = "<group>";
		};
		2E286C642BFB39F900F819C1 /* PayViews */ = {
			isa = PBXGroup;
			children = (
			);
			path = PayViews;
			sourceTree = "<group>";
		};
		2E38F29B2BDE77AE00D76A03 = {
			isa = PBXGroup;
			children = (
				2E38F2A62BDE77AE00D76A03 /* PracticeAppSwiftUI */,
				2E38F2A52BDE77AE00D76A03 /* Products */,
				AC19BDDF2BEB95E10064A95E /* Frameworks */,
			);
			sourceTree = "<group>";
		};
		2E38F2A52BDE77AE00D76A03 /* Products */ = {
			isa = PBXGroup;
			children = (
				2E38F2A42BDE77AE00D76A03 /* PracticeAppSwiftUI.app */,
			);
			name = Products;
			sourceTree = "<group>";
		};
		2E38F2A62BDE77AE00D76A03 /* PracticeAppSwiftUI */ = {
			isa = PBXGroup;
			children = (
				ACB46AC42BE769B1009A7ABA /* AppRootManager.swift */,
				2E286C5E2BFB15F600F819C1 /* ReadAudioViews */,
				ACB46B382BE8BD3C009A7ABA /* AdminViews */,
				2E3D19912BE26E430005CD68 /* MainViews */,
				2E3D19902BE26DFB0005CD68 /* AuthentificationViews */,
				2E3D19892BE26C880005CD68 /* Models */,
				2E6F0EC12BDEC9CE003312F5 /* HelpViews */,
				2E286C5F2BFB162900F819C1 /* FireBase */,
				2E38F2B52BDE7ABE00D76A03 /* Info.plist */,
				2E8A61782BE5F6640013BD1F /* GoogleService-Info.plist */,
				2E38F2AD2BDE77B100D76A03 /* Preview Content */,
				2E8A616F2BE4DC200013BD1F /* Frameworks */,
			);
			path = PracticeAppSwiftUI;
			sourceTree = "<group>";
		};
		2E38F2AD2BDE77B100D76A03 /* Preview Content */ = {
			isa = PBXGroup;
			children = (
				2E38F2AB2BDE77B100D76A03 /* Assets.xcassets */,
				2E38F2AE2BDE77B100D76A03 /* Preview Assets.xcassets */,
			);
			path = "Preview Content";
			sourceTree = "<group>";
		};
		2E3D19892BE26C880005CD68 /* Models */ = {
			isa = PBXGroup;
			children = (
				2E3D198A2BE26C9A0005CD68 /* Book.swift */,
				2E3D198C2BE26CC40005CD68 /* Tag.swift */,
				2E3D198E2BE26D700005CD68 /* Review.swift */,
				2E3D19A52BE354770005CD68 /* TagsViewModel.swift */,
				2E3D19B82BE36C140005CD68 /* Types.swift */,
			);
			path = Models;
			sourceTree = "<group>";
		};
		2E3D19902BE26DFB0005CD68 /* AuthentificationViews */ = {
			isa = PBXGroup;
			children = (
				2ECB52812BE8C08B0088E115 /* OTP */,
				2E8A617A2BE5F7080013BD1F /* AuthService  */,
				2E38F2A92BDE77AE00D76A03 /* SignUpView.swift */,
				2E86C87B2BE231440093D70D /* LogInView.swift */,
			);
			path = AuthentificationViews;
			sourceTree = "<group>";
		};
		2E3D19912BE26E430005CD68 /* MainViews */ = {
			isa = PBXGroup;
			children = (
				2E38F2A72BDE77AE00D76A03 /* PracticeAppSwiftUIApp.swift */,
				2E286C602BFB168A00F819C1 /* SubsBuyView.swift */,
				2E286C622BFB25ED00F819C1 /* AddCardView.swift */,
				2E098BCA2BFB6987006D1013 /* CardNumbersView.swift */,
				2E5B192B2BEA436400E205BB /* AddNewFeedbackView.swift */,
				2E286C642BFB39F900F819C1 /* PayViews */,
				2E286C5D2BFB15B400F819C1 /* TabBarViews */,
				2E286C5C2BFB159D00F819C1 /* BookViews */,
				2E3D199A2BE3515F0005CD68 /* BookDetails */,
				2E3D19A72BE354A60005CD68 /* SmallViews */,
				2E3D19B52BE3582D0005CD68 /* Load */,
			);
			path = MainViews;
			sourceTree = "<group>";
		};
		2E3D199A2BE3515F0005CD68 /* BookDetails */ = {
			isa = PBXGroup;
			children = (
				2E3D199B2BE3517A0005CD68 /* BookDetails.swift */,
				2E3D199D2BE351890005CD68 /* BookDetailsHeader.swift */,
				2E3D199F2BE351950005CD68 /* BookDetailsBody.swift */,
				2E3D19A32BE353A60005CD68 /* BookReview.swift */,
			);
			path = BookDetails;
			sourceTree = "<group>";
		};
		2E3D19A72BE354A60005CD68 /* SmallViews */ = {
			isa = PBXGroup;
			children = (
				2E3D19A82BE354E10005CD68 /* TagsView.swift */,
				2E3D19B42BE358190005CD68 /* SearchViews */,
				2E3D19AA2BE354EB0005CD68 /* SwitchBookTypeView.swift */,
			);
			path = SmallViews;
			sourceTree = "<group>";
		};
		2E3D19B42BE358190005CD68 /* SearchViews */ = {
			isa = PBXGroup;
			children = (
				2E3D19AE2BE355410005CD68 /* SearchBookView.swift */,
				2E3D19AC2BE3552E0005CD68 /* SearchView.swift */,
			);
			path = SearchViews;
			sourceTree = "<group>";
		};
		2E3D19B52BE3582D0005CD68 /* Load */ = {
			isa = PBXGroup;
			children = (
				2E3D19B02BE355770005CD68 /* AsyncContentView.swift */,
				2E3D19B22BE355A20005CD68 /* LoadingErrorView.swift */,
				2E3D19B62BE36BEA0005CD68 /* Loader.swift */,
				2E8A61852BE6199E0013BD1F /* LoadinViewFB.swift */,
			);
			path = Load;
			sourceTree = "<group>";
		};
		2E6F0EC12BDEC9CE003312F5 /* HelpViews */ = {
			isa = PBXGroup;
			children = (
				2E6F0EC22BDEC9E7003312F5 /* InputFieldView.swift */,
				2E77583B2BE03AF10079EFFE /* PasswordFieldView.swift */,
				2E42880B2BFC76F700914C43 /* CardFieldView.swift */,
			);
			path = HelpViews;
			sourceTree = "<group>";
		};
		2E8A616F2BE4DC200013BD1F /* Frameworks */ = {
			isa = PBXGroup;
			children = (
			);
			name = Frameworks;
			path = ..;
			sourceTree = "<group>";
		};
		2E8A617A2BE5F7080013BD1F /* AuthService  */ = {
			isa = PBXGroup;
			children = (
				2E8A617B2BE5F71E0013BD1F /* AuthService.swift */,
			);
			path = "AuthService ";
			sourceTree = "<group>";
		};
		2ECB52812BE8C08B0088E115 /* OTP */ = {
			isa = PBXGroup;
			children = (
				2E86C87D2BE261510093D70D /* OTPVerificationView.swift */,
				2ECB52822BE8C0B50088E115 /* OTPModifier.swift */,
			);
			path = OTP;
			sourceTree = "<group>";
		};
		AC19BDDF2BEB95E10064A95E /* Frameworks */ = {
			isa = PBXGroup;
			children = (
			);
			name = Frameworks;
			sourceTree = "<group>";
		};
		ACB46B382BE8BD3C009A7ABA /* AdminViews */ = {
			isa = PBXGroup;
			children = (
				ACB46B392BE8BD53009A7ABA /* AdminOptionViews.swift */,
				ACB46B3B2BE8BE59009A7ABA /* AdminBooksList.swift */,
				ACE48A442BF37754007A2F8E /* AdminReviewList.swift */,
				ACB46B3F2BE8CB43009A7ABA /* AdminEditBookView.swift */,
				ACAE92512BEB25DE00722E1F /* AdminFileUploadView.swift */,
				ACAE92532BEB262D00722E1F /* AdminImageUploadView.swift */,
			);
			path = AdminViews;
			sourceTree = "<group>";
		};
/* End PBXGroup section */

/* Begin PBXNativeTarget section */
		2E38F2A32BDE77AE00D76A03 /* PracticeAppSwiftUI */ = {
			isa = PBXNativeTarget;
			buildConfigurationList = 2E38F2B22BDE77B100D76A03 /* Build configuration list for PBXNativeTarget "PracticeAppSwiftUI" */;
			buildPhases = (
				2E38F2A02BDE77AE00D76A03 /* Sources */,
				2E38F2A12BDE77AE00D76A03 /* Frameworks */,
				2E38F2A22BDE77AE00D76A03 /* Resources */,
			);
			buildRules = (
			);
			dependencies = (
			);
			name = PracticeAppSwiftUI;
			packageProductDependencies = (
				AC619D7E2BFC8BB900B28E16 /* FirebaseAnalytics */,
				AC619D802BFC8BB900B28E16 /* FirebaseAnalyticsOnDeviceConversion */,
				AC619D822BFC8BB900B28E16 /* FirebaseAnalyticsSwift */,
				AC619D842BFC8BB900B28E16 /* FirebaseAnalyticsWithoutAdIdSupport */,
				AC619D862BFC8BB900B28E16 /* FirebaseAppCheck */,
				AC619D882BFC8BB900B28E16 /* FirebaseAppDistribution-Beta */,
				AC619D8A2BFC8BB900B28E16 /* FirebaseAuth */,
				AC619D8C2BFC8BB900B28E16 /* FirebaseAuthCombine-Community */,
				AC619D8E2BFC8BB900B28E16 /* FirebaseCrashlytics */,
				AC619D902BFC8BB900B28E16 /* FirebaseDatabase */,
				AC619D922BFC8BB900B28E16 /* FirebaseDatabaseSwift */,
				AC619D942BFC8BB900B28E16 /* FirebaseDynamicLinks */,
				AC619D962BFC8BB900B28E16 /* FirebaseFirestore */,
				AC619D982BFC8BBA00B28E16 /* FirebaseFirestoreCombine-Community */,
				AC619D9A2BFC8BBA00B28E16 /* FirebaseFirestoreSwift */,
				AC619D9C2BFC8BBA00B28E16 /* FirebaseFunctions */,
				AC619D9E2BFC8BBA00B28E16 /* FirebaseFunctionsCombine-Community */,
				AC619DA02BFC8BBA00B28E16 /* FirebaseInAppMessaging-Beta */,
				AC619DA22BFC8BBA00B28E16 /* FirebaseInAppMessagingSwift-Beta */,
				AC619DA42BFC8BBA00B28E16 /* FirebaseInstallations */,
				AC619DA62BFC8BBA00B28E16 /* FirebaseMessaging */,
				AC619DA82BFC8BBA00B28E16 /* FirebaseMLModelDownloader */,
				AC619DAA2BFC8BBA00B28E16 /* FirebasePerformance */,
				AC619DAC2BFC8BBA00B28E16 /* FirebaseRemoteConfig */,
				AC619DAE2BFC8BBA00B28E16 /* FirebaseRemoteConfigSwift */,
				AC619DB02BFC8BBA00B28E16 /* FirebaseStorage */,
				AC619DB22BFC8BBA00B28E16 /* FirebaseStorageCombine-Community */,
				AC619DB42BFC8BBA00B28E16 /* FirebaseVertexAI-Preview */,
			);
			productName = PracticeAppSwiftUI;
			productReference = 2E38F2A42BDE77AE00D76A03 /* PracticeAppSwiftUI.app */;
			productType = "com.apple.product-type.application";
		};
/* End PBXNativeTarget section */

/* Begin PBXProject section */
		2E38F29C2BDE77AE00D76A03 /* Project object */ = {
			isa = PBXProject;
			attributes = {
				BuildIndependentTargetsInParallel = 1;
				LastSwiftUpdateCheck = 1500;
				LastUpgradeCheck = 1500;
				TargetAttributes = {
					2E38F2A32BDE77AE00D76A03 = {
						CreatedOnToolsVersion = 15.0.1;
					};
				};
			};
			buildConfigurationList = 2E38F29F2BDE77AE00D76A03 /* Build configuration list for PBXProject "PracticeAppSwiftUI" */;
			compatibilityVersion = "Xcode 14.0";
			developmentRegion = en;
			hasScannedForEncodings = 0;
			knownRegions = (
				en,
				Base,
			);
			mainGroup = 2E38F29B2BDE77AE00D76A03;
			packageReferences = (
				AC619D7D2BFC8BAA00B28E16 /* XCRemoteSwiftPackageReference "firebase-ios-sdk" */,
			);
			productRefGroup = 2E38F2A52BDE77AE00D76A03 /* Products */;
			projectDirPath = "";
			projectRoot = "";
			targets = (
				2E38F2A32BDE77AE00D76A03 /* PracticeAppSwiftUI */,
			);
		};
/* End PBXProject section */

/* Begin PBXResourcesBuildPhase section */
		2E38F2A22BDE77AE00D76A03 /* Resources */ = {
			isa = PBXResourcesBuildPhase;
			buildActionMask = 2147483647;
			files = (
				2E38F2AF2BDE77B100D76A03 /* Preview Assets.xcassets in Resources */,
				2E8A61792BE5F6640013BD1F /* GoogleService-Info.plist in Resources */,
				2E38F2AC2BDE77B100D76A03 /* Assets.xcassets in Resources */,
			);
			runOnlyForDeploymentPostprocessing = 0;
		};
/* End PBXResourcesBuildPhase section */

/* Begin PBXSourcesBuildPhase section */
		2E38F2A02BDE77AE00D76A03 /* Sources */ = {
			isa = PBXSourcesBuildPhase;
			buildActionMask = 2147483647;
			files = (
				2E3D198B2BE26C9A0005CD68 /* Book.swift in Sources */,
				ACB46B402BE8CB43009A7ABA /* AdminEditBookView.swift in Sources */,
				2E86C87C2BE231440093D70D /* LogInView.swift in Sources */,
				2E3D19AB2BE354EB0005CD68 /* SwitchBookTypeView.swift in Sources */,
				2E3D19882BE269430005CD68 /* MainView.swift in Sources */,
				2E3D19972BE34FB00005CD68 /* ShelfView.swift in Sources */,
				2E77583C2BE03AF10079EFFE /* PasswordFieldView.swift in Sources */,
				2E38F2AA2BDE77AE00D76A03 /* SignUpView.swift in Sources */,
				2ECB52832BE8C0B50088E115 /* OTPModifier.swift in Sources */,
				2E3D198F2BE26D700005CD68 /* Review.swift in Sources */,
				2EB214D42BF896990067546B /* PlaysoundView.swift in Sources */,
				ACB46B792BE8F51B009A7ABA /* ApiError.swift in Sources */,
				2E3D19A42BE353A60005CD68 /* BookReview.swift in Sources */,
				2E8A617C2BE5F71E0013BD1F /* AuthService.swift in Sources */,
				ACB46B3C2BE8BE59009A7ABA /* AdminBooksList.swift in Sources */,
				ACB46AC52BE769B1009A7ABA /* AppRootManager.swift in Sources */,
				2E5B192C2BEA436400E205BB /* AddNewFeedbackView.swift in Sources */,
				2E3D19AD2BE3552E0005CD68 /* SearchView.swift in Sources */,
				2E38F2A82BDE77AE00D76A03 /* PracticeAppSwiftUIApp.swift in Sources */,
				2E3D19B12BE355770005CD68 /* AsyncContentView.swift in Sources */,
				2E3D19A92BE354E10005CD68 /* TagsView.swift in Sources */,
				2E6F0EC32BDEC9E7003312F5 /* InputFieldView.swift in Sources */,
				2EFE3B5F2BF3704600A8E8D0 /* ReaderBookView.swift in Sources */,
				2E3D198D2BE26CC40005CD68 /* Tag.swift in Sources */,
				2E3D199E2BE351890005CD68 /* BookDetailsHeader.swift in Sources */,
				ACAE92522BEB25DE00722E1F /* AdminFileUploadView.swift in Sources */,
				AC99B3312BED0ABB00D28199 /* FireStore+Review.swift in Sources */,
				2E3D19AF2BE355410005CD68 /* SearchBookView.swift in Sources */,
				ACB46B7B2BE92516009A7ABA /* FileStore+Genre.swift in Sources */,
				ACB46B3A2BE8BD53009A7ABA /* AdminOptionViews.swift in Sources */,
				ACAE92542BEB262D00722E1F /* AdminImageUploadView.swift in Sources */,
				2E3D19952BE34FA10005CD68 /* BookView.swift in Sources */,
				2E3D19B72BE36BEA0005CD68 /* Loader.swift in Sources */,
				ACB46B3E2BE8C53F009A7ABA /* ImageStorage.swift in Sources */,
				2E286C632BFB25ED00F819C1 /* AddCardView.swift in Sources */,
				ACB46AC32BE7680B009A7ABA /* ProfileView.swift in Sources */,
				ACE48A452BF37754007A2F8E /* AdminReviewList.swift in Sources */,
				2E286C612BFB168A00F819C1 /* SubsBuyView.swift in Sources */,
				2E3D19B32BE355A20005CD68 /* LoadingErrorView.swift in Sources */,
				2E3D19B92BE36C140005CD68 /* Types.swift in Sources */,
				2E3D19A62BE354770005CD68 /* TagsViewModel.swift in Sources */,
				2E098BCB2BFB6987006D1013 /* CardNumbersView.swift in Sources */,
				2E5B192A2BEA348500E205BB /* SubscriptionView.swift in Sources */,
				2E86C87E2BE261510093D70D /* OTPVerificationView.swift in Sources */,
				AC619D7C2BFC763200B28E16 /* BankCardStore.swift in Sources */,
				2E3D199C2BE3517A0005CD68 /* BookDetails.swift in Sources */,
				2E3D19BB2BE36E240005CD68 /* BooksPageView.swift in Sources */,
				AC3A85A02BF4DD89003A9101 /* EnvironmentValues.swift in Sources */,
				2E3D19A02BE351950005CD68 /* BookDetailsBody.swift in Sources */,
				ACB46AC92BE79F55009A7ABA /* FireStore.swift in Sources */,
				2E8A61862BE6199E0013BD1F /* LoadinViewFB.swift in Sources */,
				2E42880C2BFC76F700914C43 /* CardFieldView.swift in Sources */,
			);
			runOnlyForDeploymentPostprocessing = 0;
		};
/* End PBXSourcesBuildPhase section */

/* Begin XCBuildConfiguration section */
		2E38F2B02BDE77B100D76A03 /* Debug */ = {
			isa = XCBuildConfiguration;
			buildSettings = {
				ALWAYS_SEARCH_USER_PATHS = NO;
				ASSETCATALOG_COMPILER_GENERATE_SWIFT_ASSET_SYMBOL_EXTENSIONS = YES;
				CLANG_ANALYZER_NONNULL = YES;
				CLANG_ANALYZER_NUMBER_OBJECT_CONVERSION = YES_AGGRESSIVE;
				CLANG_CXX_LANGUAGE_STANDARD = "gnu++20";
				CLANG_ENABLE_MODULES = YES;
				CLANG_ENABLE_OBJC_ARC = YES;
				CLANG_ENABLE_OBJC_WEAK = YES;
				CLANG_WARN_BLOCK_CAPTURE_AUTORELEASING = YES;
				CLANG_WARN_BOOL_CONVERSION = YES;
				CLANG_WARN_COMMA = YES;
				CLANG_WARN_CONSTANT_CONVERSION = YES;
				CLANG_WARN_DEPRECATED_OBJC_IMPLEMENTATIONS = YES;
				CLANG_WARN_DIRECT_OBJC_ISA_USAGE = YES_ERROR;
				CLANG_WARN_DOCUMENTATION_COMMENTS = YES;
				CLANG_WARN_EMPTY_BODY = YES;
				CLANG_WARN_ENUM_CONVERSION = YES;
				CLANG_WARN_INFINITE_RECURSION = YES;
				CLANG_WARN_INT_CONVERSION = YES;
				CLANG_WARN_NON_LITERAL_NULL_CONVERSION = YES;
				CLANG_WARN_OBJC_IMPLICIT_RETAIN_SELF = YES;
				CLANG_WARN_OBJC_LITERAL_CONVERSION = YES;
				CLANG_WARN_OBJC_ROOT_CLASS = YES_ERROR;
				CLANG_WARN_QUOTED_INCLUDE_IN_FRAMEWORK_HEADER = YES;
				CLANG_WARN_RANGE_LOOP_ANALYSIS = YES;
				CLANG_WARN_STRICT_PROTOTYPES = YES;
				CLANG_WARN_SUSPICIOUS_MOVE = YES;
				CLANG_WARN_UNGUARDED_AVAILABILITY = YES_AGGRESSIVE;
				CLANG_WARN_UNREACHABLE_CODE = YES;
				CLANG_WARN__DUPLICATE_METHOD_MATCH = YES;
				COPY_PHASE_STRIP = NO;
				DEBUG_INFORMATION_FORMAT = dwarf;
				ENABLE_STRICT_OBJC_MSGSEND = YES;
				ENABLE_TESTABILITY = YES;
				ENABLE_USER_SCRIPT_SANDBOXING = YES;
				GCC_C_LANGUAGE_STANDARD = gnu17;
				GCC_DYNAMIC_NO_PIC = NO;
				GCC_NO_COMMON_BLOCKS = YES;
				GCC_OPTIMIZATION_LEVEL = 0;
				GCC_PREPROCESSOR_DEFINITIONS = (
					"DEBUG=1",
					"$(inherited)",
				);
				GCC_WARN_64_TO_32_BIT_CONVERSION = YES;
				GCC_WARN_ABOUT_RETURN_TYPE = YES_ERROR;
				GCC_WARN_UNDECLARED_SELECTOR = YES;
				GCC_WARN_UNINITIALIZED_AUTOS = YES_AGGRESSIVE;
				GCC_WARN_UNUSED_FUNCTION = YES;
				GCC_WARN_UNUSED_VARIABLE = YES;
				IPHONEOS_DEPLOYMENT_TARGET = 17.0;
				LOCALIZATION_PREFERS_STRING_CATALOGS = YES;
				MTL_ENABLE_DEBUG_INFO = INCLUDE_SOURCE;
				MTL_FAST_MATH = YES;
				ONLY_ACTIVE_ARCH = YES;
				SDKROOT = iphoneos;
				SWIFT_ACTIVE_COMPILATION_CONDITIONS = "DEBUG $(inherited)";
				SWIFT_OPTIMIZATION_LEVEL = "-Onone";
			};
			name = Debug;
		};
		2E38F2B12BDE77B100D76A03 /* Release */ = {
			isa = XCBuildConfiguration;
			buildSettings = {
				ALWAYS_SEARCH_USER_PATHS = NO;
				ASSETCATALOG_COMPILER_GENERATE_SWIFT_ASSET_SYMBOL_EXTENSIONS = YES;
				CLANG_ANALYZER_NONNULL = YES;
				CLANG_ANALYZER_NUMBER_OBJECT_CONVERSION = YES_AGGRESSIVE;
				CLANG_CXX_LANGUAGE_STANDARD = "gnu++20";
				CLANG_ENABLE_MODULES = YES;
				CLANG_ENABLE_OBJC_ARC = YES;
				CLANG_ENABLE_OBJC_WEAK = YES;
				CLANG_WARN_BLOCK_CAPTURE_AUTORELEASING = YES;
				CLANG_WARN_BOOL_CONVERSION = YES;
				CLANG_WARN_COMMA = YES;
				CLANG_WARN_CONSTANT_CONVERSION = YES;
				CLANG_WARN_DEPRECATED_OBJC_IMPLEMENTATIONS = YES;
				CLANG_WARN_DIRECT_OBJC_ISA_USAGE = YES_ERROR;
				CLANG_WARN_DOCUMENTATION_COMMENTS = YES;
				CLANG_WARN_EMPTY_BODY = YES;
				CLANG_WARN_ENUM_CONVERSION = YES;
				CLANG_WARN_INFINITE_RECURSION = YES;
				CLANG_WARN_INT_CONVERSION = YES;
				CLANG_WARN_NON_LITERAL_NULL_CONVERSION = YES;
				CLANG_WARN_OBJC_IMPLICIT_RETAIN_SELF = YES;
				CLANG_WARN_OBJC_LITERAL_CONVERSION = YES;
				CLANG_WARN_OBJC_ROOT_CLASS = YES_ERROR;
				CLANG_WARN_QUOTED_INCLUDE_IN_FRAMEWORK_HEADER = YES;
				CLANG_WARN_RANGE_LOOP_ANALYSIS = YES;
				CLANG_WARN_STRICT_PROTOTYPES = YES;
				CLANG_WARN_SUSPICIOUS_MOVE = YES;
				CLANG_WARN_UNGUARDED_AVAILABILITY = YES_AGGRESSIVE;
				CLANG_WARN_UNREACHABLE_CODE = YES;
				CLANG_WARN__DUPLICATE_METHOD_MATCH = YES;
				COPY_PHASE_STRIP = NO;
				DEBUG_INFORMATION_FORMAT = "dwarf-with-dsym";
				ENABLE_NS_ASSERTIONS = NO;
				ENABLE_STRICT_OBJC_MSGSEND = YES;
				ENABLE_USER_SCRIPT_SANDBOXING = YES;
				GCC_C_LANGUAGE_STANDARD = gnu17;
				GCC_NO_COMMON_BLOCKS = YES;
				GCC_WARN_64_TO_32_BIT_CONVERSION = YES;
				GCC_WARN_ABOUT_RETURN_TYPE = YES_ERROR;
				GCC_WARN_UNDECLARED_SELECTOR = YES;
				GCC_WARN_UNINITIALIZED_AUTOS = YES_AGGRESSIVE;
				GCC_WARN_UNUSED_FUNCTION = YES;
				GCC_WARN_UNUSED_VARIABLE = YES;
				IPHONEOS_DEPLOYMENT_TARGET = 17.0;
				LOCALIZATION_PREFERS_STRING_CATALOGS = YES;
				MTL_ENABLE_DEBUG_INFO = NO;
				MTL_FAST_MATH = YES;
				SDKROOT = iphoneos;
				SWIFT_COMPILATION_MODE = wholemodule;
				VALIDATE_PRODUCT = YES;
			};
			name = Release;
		};
		2E38F2B32BDE77B100D76A03 /* Debug */ = {
			isa = XCBuildConfiguration;
			buildSettings = {
				ASSETCATALOG_COMPILER_APPICON_NAME = AppIcon;
				ASSETCATALOG_COMPILER_GLOBAL_ACCENT_COLOR_NAME = AccentColor;
				CODE_SIGN_STYLE = Automatic;
				CURRENT_PROJECT_VERSION = 1;
				DEVELOPMENT_ASSET_PATHS = "\"PracticeAppSwiftUI/Preview Content\"";
				ENABLE_PREVIEWS = YES;
				GENERATE_INFOPLIST_FILE = YES;
				INFOPLIST_FILE = PracticeAppSwiftUI/Info.plist;
				INFOPLIST_KEY_UIApplicationSceneManifest_Generation = YES;
				INFOPLIST_KEY_UIApplicationSupportsIndirectInputEvents = YES;
				INFOPLIST_KEY_UILaunchScreen_Generation = YES;
				INFOPLIST_KEY_UISupportedInterfaceOrientations = UIInterfaceOrientationPortrait;
				INFOPLIST_KEY_UISupportedInterfaceOrientations_iPad = "UIInterfaceOrientationLandscapeLeft UIInterfaceOrientationLandscapeRight UIInterfaceOrientationPortrait UIInterfaceOrientationPortraitUpsideDown";
				LD_RUNPATH_SEARCH_PATHS = (
					"$(inherited)",
					"@executable_path/Frameworks",
				);
				MARKETING_VERSION = 1.0;
				PRODUCT_BUNDLE_IDENTIFIER = com.PracticeAppSwiftUI;
				PRODUCT_NAME = "$(TARGET_NAME)";
				SWIFT_EMIT_LOC_STRINGS = YES;
				SWIFT_VERSION = 5.0;
				TARGETED_DEVICE_FAMILY = "1,2";
			};
			name = Debug;
		};
		2E38F2B42BDE77B100D76A03 /* Release */ = {
			isa = XCBuildConfiguration;
			buildSettings = {
				ASSETCATALOG_COMPILER_APPICON_NAME = AppIcon;
				ASSETCATALOG_COMPILER_GLOBAL_ACCENT_COLOR_NAME = AccentColor;
				CODE_SIGN_STYLE = Automatic;
				CURRENT_PROJECT_VERSION = 1;
				DEVELOPMENT_ASSET_PATHS = "\"PracticeAppSwiftUI/Preview Content\"";
				ENABLE_PREVIEWS = YES;
				GENERATE_INFOPLIST_FILE = YES;
				INFOPLIST_FILE = PracticeAppSwiftUI/Info.plist;
				INFOPLIST_KEY_UIApplicationSceneManifest_Generation = YES;
				INFOPLIST_KEY_UIApplicationSupportsIndirectInputEvents = YES;
				INFOPLIST_KEY_UILaunchScreen_Generation = YES;
				INFOPLIST_KEY_UISupportedInterfaceOrientations = UIInterfaceOrientationPortrait;
				INFOPLIST_KEY_UISupportedInterfaceOrientations_iPad = "UIInterfaceOrientationLandscapeLeft UIInterfaceOrientationLandscapeRight UIInterfaceOrientationPortrait UIInterfaceOrientationPortraitUpsideDown";
				LD_RUNPATH_SEARCH_PATHS = (
					"$(inherited)",
					"@executable_path/Frameworks",
				);
				MARKETING_VERSION = 1.0;
				PRODUCT_BUNDLE_IDENTIFIER = com.PracticeAppSwiftUI;
				PRODUCT_NAME = "$(TARGET_NAME)";
				SWIFT_EMIT_LOC_STRINGS = YES;
				SWIFT_VERSION = 5.0;
				TARGETED_DEVICE_FAMILY = "1,2";
			};
			name = Release;
		};
/* End XCBuildConfiguration section */

/* Begin XCConfigurationList section */
		2E38F29F2BDE77AE00D76A03 /* Build configuration list for PBXProject "PracticeAppSwiftUI" */ = {
			isa = XCConfigurationList;
			buildConfigurations = (
				2E38F2B02BDE77B100D76A03 /* Debug */,
				2E38F2B12BDE77B100D76A03 /* Release */,
			);
			defaultConfigurationIsVisible = 0;
			defaultConfigurationName = Release;
		};
		2E38F2B22BDE77B100D76A03 /* Build configuration list for PBXNativeTarget "PracticeAppSwiftUI" */ = {
			isa = XCConfigurationList;
			buildConfigurations = (
				2E38F2B32BDE77B100D76A03 /* Debug */,
				2E38F2B42BDE77B100D76A03 /* Release */,
			);
			defaultConfigurationIsVisible = 0;
			defaultConfigurationName = Release;
		};
/* End XCConfigurationList section */

/* Begin XCRemoteSwiftPackageReference section */
		AC619D7D2BFC8BAA00B28E16 /* XCRemoteSwiftPackageReference "firebase-ios-sdk" */ = {
			isa = XCRemoteSwiftPackageReference;
			repositoryURL = "https://github.com/firebase/firebase-ios-sdk";
			requirement = {
				kind = upToNextMajorVersion;
				minimumVersion = 10.26.0;
			};
		};
/* End XCRemoteSwiftPackageReference section */

/* Begin XCSwiftPackageProductDependency section */
		AC619D7E2BFC8BB900B28E16 /* FirebaseAnalytics */ = {
			isa = XCSwiftPackageProductDependency;
			package = AC619D7D2BFC8BAA00B28E16 /* XCRemoteSwiftPackageReference "firebase-ios-sdk" */;
			productName = FirebaseAnalytics;
		};
		AC619D802BFC8BB900B28E16 /* FirebaseAnalyticsOnDeviceConversion */ = {
			isa = XCSwiftPackageProductDependency;
			package = AC619D7D2BFC8BAA00B28E16 /* XCRemoteSwiftPackageReference "firebase-ios-sdk" */;
			productName = FirebaseAnalyticsOnDeviceConversion;
		};
		AC619D822BFC8BB900B28E16 /* FirebaseAnalyticsSwift */ = {
			isa = XCSwiftPackageProductDependency;
			package = AC619D7D2BFC8BAA00B28E16 /* XCRemoteSwiftPackageReference "firebase-ios-sdk" */;
			productName = FirebaseAnalyticsSwift;
		};
		AC619D842BFC8BB900B28E16 /* FirebaseAnalyticsWithoutAdIdSupport */ = {
			isa = XCSwiftPackageProductDependency;
			package = AC619D7D2BFC8BAA00B28E16 /* XCRemoteSwiftPackageReference "firebase-ios-sdk" */;
			productName = FirebaseAnalyticsWithoutAdIdSupport;
		};
		AC619D862BFC8BB900B28E16 /* FirebaseAppCheck */ = {
			isa = XCSwiftPackageProductDependency;
			package = AC619D7D2BFC8BAA00B28E16 /* XCRemoteSwiftPackageReference "firebase-ios-sdk" */;
			productName = FirebaseAppCheck;
		};
		AC619D882BFC8BB900B28E16 /* FirebaseAppDistribution-Beta */ = {
			isa = XCSwiftPackageProductDependency;
			package = AC619D7D2BFC8BAA00B28E16 /* XCRemoteSwiftPackageReference "firebase-ios-sdk" */;
			productName = "FirebaseAppDistribution-Beta";
		};
		AC619D8A2BFC8BB900B28E16 /* FirebaseAuth */ = {
			isa = XCSwiftPackageProductDependency;
			package = AC619D7D2BFC8BAA00B28E16 /* XCRemoteSwiftPackageReference "firebase-ios-sdk" */;
			productName = FirebaseAuth;
		};
		AC619D8C2BFC8BB900B28E16 /* FirebaseAuthCombine-Community */ = {
			isa = XCSwiftPackageProductDependency;
			package = AC619D7D2BFC8BAA00B28E16 /* XCRemoteSwiftPackageReference "firebase-ios-sdk" */;
			productName = "FirebaseAuthCombine-Community";
		};
		AC619D8E2BFC8BB900B28E16 /* FirebaseCrashlytics */ = {
			isa = XCSwiftPackageProductDependency;
			package = AC619D7D2BFC8BAA00B28E16 /* XCRemoteSwiftPackageReference "firebase-ios-sdk" */;
			productName = FirebaseCrashlytics;
		};
		AC619D902BFC8BB900B28E16 /* FirebaseDatabase */ = {
			isa = XCSwiftPackageProductDependency;
			package = AC619D7D2BFC8BAA00B28E16 /* XCRemoteSwiftPackageReference "firebase-ios-sdk" */;
			productName = FirebaseDatabase;
		};
		AC619D922BFC8BB900B28E16 /* FirebaseDatabaseSwift */ = {
			isa = XCSwiftPackageProductDependency;
			package = AC619D7D2BFC8BAA00B28E16 /* XCRemoteSwiftPackageReference "firebase-ios-sdk" */;
			productName = FirebaseDatabaseSwift;
		};
		AC619D942BFC8BB900B28E16 /* FirebaseDynamicLinks */ = {
			isa = XCSwiftPackageProductDependency;
			package = AC619D7D2BFC8BAA00B28E16 /* XCRemoteSwiftPackageReference "firebase-ios-sdk" */;
			productName = FirebaseDynamicLinks;
		};
		AC619D962BFC8BB900B28E16 /* FirebaseFirestore */ = {
			isa = XCSwiftPackageProductDependency;
			package = AC619D7D2BFC8BAA00B28E16 /* XCRemoteSwiftPackageReference "firebase-ios-sdk" */;
			productName = FirebaseFirestore;
		};
		AC619D982BFC8BBA00B28E16 /* FirebaseFirestoreCombine-Community */ = {
			isa = XCSwiftPackageProductDependency;
			package = AC619D7D2BFC8BAA00B28E16 /* XCRemoteSwiftPackageReference "firebase-ios-sdk" */;
			productName = "FirebaseFirestoreCombine-Community";
		};
		AC619D9A2BFC8BBA00B28E16 /* FirebaseFirestoreSwift */ = {
			isa = XCSwiftPackageProductDependency;
			package = AC619D7D2BFC8BAA00B28E16 /* XCRemoteSwiftPackageReference "firebase-ios-sdk" */;
			productName = FirebaseFirestoreSwift;
		};
		AC619D9C2BFC8BBA00B28E16 /* FirebaseFunctions */ = {
			isa = XCSwiftPackageProductDependency;
			package = AC619D7D2BFC8BAA00B28E16 /* XCRemoteSwiftPackageReference "firebase-ios-sdk" */;
			productName = FirebaseFunctions;
		};
		AC619D9E2BFC8BBA00B28E16 /* FirebaseFunctionsCombine-Community */ = {
			isa = XCSwiftPackageProductDependency;
			package = AC619D7D2BFC8BAA00B28E16 /* XCRemoteSwiftPackageReference "firebase-ios-sdk" */;
			productName = "FirebaseFunctionsCombine-Community";
		};
		AC619DA02BFC8BBA00B28E16 /* FirebaseInAppMessaging-Beta */ = {
			isa = XCSwiftPackageProductDependency;
			package = AC619D7D2BFC8BAA00B28E16 /* XCRemoteSwiftPackageReference "firebase-ios-sdk" */;
			productName = "FirebaseInAppMessaging-Beta";
		};
		AC619DA22BFC8BBA00B28E16 /* FirebaseInAppMessagingSwift-Beta */ = {
			isa = XCSwiftPackageProductDependency;
			package = AC619D7D2BFC8BAA00B28E16 /* XCRemoteSwiftPackageReference "firebase-ios-sdk" */;
			productName = "FirebaseInAppMessagingSwift-Beta";
		};
		AC619DA42BFC8BBA00B28E16 /* FirebaseInstallations */ = {
			isa = XCSwiftPackageProductDependency;
			package = AC619D7D2BFC8BAA00B28E16 /* XCRemoteSwiftPackageReference "firebase-ios-sdk" */;
			productName = FirebaseInstallations;
		};
		AC619DA62BFC8BBA00B28E16 /* FirebaseMessaging */ = {
			isa = XCSwiftPackageProductDependency;
			package = AC619D7D2BFC8BAA00B28E16 /* XCRemoteSwiftPackageReference "firebase-ios-sdk" */;
			productName = FirebaseMessaging;
		};
		AC619DA82BFC8BBA00B28E16 /* FirebaseMLModelDownloader */ = {
			isa = XCSwiftPackageProductDependency;
			package = AC619D7D2BFC8BAA00B28E16 /* XCRemoteSwiftPackageReference "firebase-ios-sdk" */;
			productName = FirebaseMLModelDownloader;
		};
		AC619DAA2BFC8BBA00B28E16 /* FirebasePerformance */ = {
			isa = XCSwiftPackageProductDependency;
			package = AC619D7D2BFC8BAA00B28E16 /* XCRemoteSwiftPackageReference "firebase-ios-sdk" */;
			productName = FirebasePerformance;
		};
		AC619DAC2BFC8BBA00B28E16 /* FirebaseRemoteConfig */ = {
			isa = XCSwiftPackageProductDependency;
			package = AC619D7D2BFC8BAA00B28E16 /* XCRemoteSwiftPackageReference "firebase-ios-sdk" */;
			productName = FirebaseRemoteConfig;
		};
		AC619DAE2BFC8BBA00B28E16 /* FirebaseRemoteConfigSwift */ = {
			isa = XCSwiftPackageProductDependency;
			package = AC619D7D2BFC8BAA00B28E16 /* XCRemoteSwiftPackageReference "firebase-ios-sdk" */;
			productName = FirebaseRemoteConfigSwift;
		};
		AC619DB02BFC8BBA00B28E16 /* FirebaseStorage */ = {
			isa = XCSwiftPackageProductDependency;
			package = AC619D7D2BFC8BAA00B28E16 /* XCRemoteSwiftPackageReference "firebase-ios-sdk" */;
			productName = FirebaseStorage;
		};
		AC619DB22BFC8BBA00B28E16 /* FirebaseStorageCombine-Community */ = {
			isa = XCSwiftPackageProductDependency;
			package = AC619D7D2BFC8BAA00B28E16 /* XCRemoteSwiftPackageReference "firebase-ios-sdk" */;
			productName = "FirebaseStorageCombine-Community";
		};
		AC619DB42BFC8BBA00B28E16 /* FirebaseVertexAI-Preview */ = {
			isa = XCSwiftPackageProductDependency;
			package = AC619D7D2BFC8BAA00B28E16 /* XCRemoteSwiftPackageReference "firebase-ios-sdk" */;
			productName = "FirebaseVertexAI-Preview";
		};
/* End XCSwiftPackageProductDependency section */
	};
	rootObject = 2E38F29C2BDE77AE00D76A03 /* Project object */;
}
